{
  "name": "com.steps.ussap",
  "version": "1.0.1",
  "lockfileVersion": 1,
  "requires": true,
  "dependencies": {
    "cordova-android": {
      "version": "7.1.4",
      "resolved": "https://registry.npmjs.org/cordova-android/-/cordova-android-7.1.4.tgz",
      "integrity": "sha512-Rtvu002I83uzfVyCsE6p2krFKVHt9TSAqZUATes+zH+o9cdxYGrLHY+PKCQo4SLCdSMdrkIHCDnQPTYTp/d7+g==",
      "requires": {
        "abbrev": "1.1.1",
        "android-versions": "1.4.0",
        "ansi": "0.3.1",
        "balanced-match": "1.0.0",
        "base64-js": "1.2.0",
        "big-integer": "1.6.32",
        "bplist-parser": "0.1.1",
        "brace-expansion": "1.1.11",
        "concat-map": "0.0.1",
        "cordova-common": "2.2.5",
        "cordova-registry-mapper": "1.1.15",
        "elementtree": "0.1.6",
        "glob": "5.0.15",
        "inflight": "1.0.6",
        "inherits": "2.0.3",
        "minimatch": "3.0.4",
        "nopt": "3.0.1",
        "once": "1.4.0",
        "path-is-absolute": "1.0.1",
        "plist": "2.1.0",
        "properties-parser": "0.2.3",
        "q": "1.4.1",
        "sax": "0.3.5",
        "semver": "5.5.0",
        "shelljs": "0.5.3",
        "underscore": "1.9.1",
        "unorm": "1.4.1",
        "wrappy": "1.0.2",
        "xmlbuilder": "8.2.2",
        "xmldom": "0.1.27"
      },
      "dependencies": {
        "abbrev": {
          "version": "1.1.1",
          "bundled": true
        },
        "android-versions": {
          "version": "1.4.0",
          "bundled": true,
          "requires": {
            "semver": "5.5.0"
          }
        },
        "ansi": {
          "version": "0.3.1",
          "bundled": true
        },
        "balanced-match": {
          "version": "1.0.0",
          "bundled": true
        },
        "base64-js": {
          "version": "1.2.0",
          "bundled": true
        },
        "big-integer": {
          "version": "1.6.32",
          "bundled": true
        },
        "bplist-parser": {
          "version": "0.1.1",
          "bundled": true,
          "requires": {
            "big-integer": "1.6.32"
          }
        },
        "brace-expansion": {
          "version": "1.1.11",
          "bundled": true,
          "requires": {
            "balanced-match": "1.0.0",
            "concat-map": "0.0.1"
          }
        },
        "concat-map": {
          "version": "0.0.1",
          "bundled": true
        },
        "cordova-common": {
          "version": "2.2.5",
          "bundled": true,
          "requires": {
            "ansi": "0.3.1",
            "bplist-parser": "0.1.1",
            "cordova-registry-mapper": "1.1.15",
            "elementtree": "0.1.6",
            "glob": "5.0.15",
            "minimatch": "3.0.4",
            "plist": "2.1.0",
            "q": "1.4.1",
            "shelljs": "0.5.3",
            "underscore": "1.9.1",
            "unorm": "1.4.1"
          }
        },
        "cordova-registry-mapper": {
          "version": "1.1.15",
          "bundled": true
        },
        "elementtree": {
          "version": "0.1.6",
          "bundled": true,
          "requires": {
            "sax": "0.3.5"
          }
        },
        "glob": {
          "version": "5.0.15",
          "bundled": true,
          "requires": {
            "inflight": "1.0.6",
            "inherits": "2.0.3",
            "minimatch": "3.0.4",
            "once": "1.4.0",
            "path-is-absolute": "1.0.1"
          }
        },
        "inflight": {
          "version": "1.0.6",
          "bundled": true,
          "requires": {
            "once": "1.4.0",
            "wrappy": "1.0.2"
          }
        },
        "inherits": {
          "version": "2.0.3",
          "bundled": true
        },
        "minimatch": {
          "version": "3.0.4",
          "bundled": true,
          "requires": {
            "brace-expansion": "1.1.11"
          }
        },
        "nopt": {
          "version": "3.0.1",
          "bundled": true,
          "requires": {
            "abbrev": "1.1.1"
          }
        },
        "once": {
          "version": "1.4.0",
          "bundled": true,
          "requires": {
            "wrappy": "1.0.2"
          }
        },
        "path-is-absolute": {
          "version": "1.0.1",
          "bundled": true
        },
        "plist": {
          "version": "2.1.0",
          "bundled": true,
          "requires": {
            "base64-js": "1.2.0",
            "xmlbuilder": "8.2.2",
            "xmldom": "0.1.27"
          }
        },
        "properties-parser": {
          "version": "0.2.3",
          "bundled": true
        },
        "q": {
          "version": "1.4.1",
          "bundled": true
        },
        "sax": {
          "version": "0.3.5",
          "bundled": true
        },
        "semver": {
          "version": "5.5.0",
          "bundled": true
        },
        "shelljs": {
          "version": "0.5.3",
          "bundled": true
        },
        "underscore": {
          "version": "1.9.1",
          "bundled": true
        },
        "unorm": {
          "version": "1.4.1",
          "bundled": true
        },
        "wrappy": {
          "version": "1.0.2",
          "bundled": true
        },
        "xmlbuilder": {
          "version": "8.2.2",
          "bundled": true
        },
        "xmldom": {
          "version": "0.1.27",
          "bundled": true
        }
      }
    },
    "cordova-android-support-gradle-release": {
      "version": "1.4.7",
      "resolved": "https://registry.npmjs.org/cordova-android-support-gradle-release/-/cordova-android-support-gradle-release-1.4.7.tgz",
      "integrity": "sha512-3hDS3mBjSAEzKM4gZBze8G02/aNQgcww1CyUneuYPOYvleTPk3Q4OYkjmHHuE4FEgr4v9EY6j6bJqoX9pMZHgg==",
      "requires": {
        "semver": "5.1.0",
        "xml2js": "0.4.19"
      }
    },
    "cordova-plugin-app-event": {
      "version": "1.2.1",
      "resolved": "https://registry.npmjs.org/cordova-plugin-app-event/-/cordova-plugin-app-event-1.2.1.tgz",
      "integrity": "sha1-DuuxQTKqQ7suXAgamr29l8otgTI="
    },
    "cordova-plugin-battery-status": {
      "version": "1.1.2",
      "resolved": "https://registry.npmjs.org/cordova-plugin-battery-status/-/cordova-plugin-battery-status-1.1.2.tgz",
      "integrity": "sha1-QZIcdKvA2z431i88XcT94MYQkOQ="
    },
    "cordova-plugin-camera": {
      "version": "2.1.1",
      "resolved": "https://registry.npmjs.org/cordova-plugin-camera/-/cordova-plugin-camera-2.1.1.tgz",
      "integrity": "sha1-lIi6NiBOMnFIDb6C2apwijUt9+s="
    },
    "cordova-plugin-contacts": {
      "version": "2.0.1",
      "resolved": "https://registry.npmjs.org/cordova-plugin-contacts/-/cordova-plugin-contacts-2.0.1.tgz",
      "integrity": "sha1-czw2mTj0deoFdmxhVVj3QSVphIk="
    },
    "cordova-plugin-datepicker": {
      "version": "0.9.3",
      "resolved": "https://registry.npmjs.org/cordova-plugin-datepicker/-/cordova-plugin-datepicker-0.9.3.tgz",
      "integrity": "sha1-JVipzlmY9tbcBs+S/Yu7nQkB8Wo="
    },
    "cordova-plugin-device": {
      "version": "2.0.2",
      "resolved": "https://registry.npmjs.org/cordova-plugin-device/-/cordova-plugin-device-2.0.2.tgz",
      "integrity": "sha1-/Ajzci5n7ve2xnv8mag99q3Quro="
    },
    "cordova-plugin-device-motion": {
      "version": "1.2.5",
      "resolved": "https://registry.npmjs.org/cordova-plugin-device-motion/-/cordova-plugin-device-motion-1.2.5.tgz",
      "integrity": "sha1-e1jt2dVQ3wpvua76tVuW1UkLGlY="
    },
    "cordova-plugin-device-orientation": {
      "version": "1.0.7",
      "resolved": "https://registry.npmjs.org/cordova-plugin-device-orientation/-/cordova-plugin-device-orientation-1.0.7.tgz",
      "integrity": "sha1-rIx5i+jtsOVbYf7GjtqQk+SGvws="
    },
    "cordova-plugin-dialogs": {
      "version": "1.2.1",
      "resolved": "https://registry.npmjs.org/cordova-plugin-dialogs/-/cordova-plugin-dialogs-1.2.1.tgz",
      "integrity": "sha1-dDvIrwB2oQp29VbFE0ClMBY9MVM="
    },
    "cordova-plugin-file-opener2": {
      "version": "2.0.19",
      "resolved": "https://registry.npmjs.org/cordova-plugin-file-opener2/-/cordova-plugin-file-opener2-2.0.19.tgz",
      "integrity": "sha1-yjrhIlOVt3qx/lsgrMv+zGiOJJM="
    },
    "cordova-plugin-file-transfer": {
      "version": "1.5.1",
      "resolved": "https://registry.npmjs.org/cordova-plugin-file-transfer/-/cordova-plugin-file-transfer-1.5.1.tgz",
      "integrity": "sha1-z5tjTo8yg0goAstfCzgdQPVGU5g="
    },
    "cordova-plugin-geolocation": {
      "version": "2.1.0",
      "resolved": "https://registry.npmjs.org/cordova-plugin-geolocation/-/cordova-plugin-geolocation-2.1.0.tgz",
      "integrity": "sha1-7grBx3Fh6bC3O0fSFpYbvAV+5Es="
    },
    "cordova-plugin-globalization": {
      "version": "1.0.9",
      "resolved": "https://registry.npmjs.org/cordova-plugin-globalization/-/cordova-plugin-globalization-1.0.9.tgz",
      "integrity": "sha1-RluZmP7qC4iIRNCc19oCv6Jst6M="
    },
    "cordova-plugin-inappbrowser": {
      "version": "1.3.0",
      "resolved": "https://registry.npmjs.org/cordova-plugin-inappbrowser/-/cordova-plugin-inappbrowser-1.3.0.tgz",
      "integrity": "sha1-FvAIUwC8mHFzPLH5qXeNLxT7YYc="
    },
    "cordova-plugin-local-notification": {
      "version": "0.8.4",
      "resolved": "https://registry.npmjs.org/cordova-plugin-local-notification/-/cordova-plugin-local-notification-0.8.4.tgz",
      "integrity": "sha1-leC6o/5AF4+hD4yat4pslLnKbM8=",
      "requires": {
        "cordova-plugin-app-event": "1.2.1",
        "cordova-plugin-device": "2.0.2"
      }
    },
    "cordova-plugin-media": {
      "version": "2.2.0",
      "resolved": "https://registry.npmjs.org/cordova-plugin-media/-/cordova-plugin-media-2.2.0.tgz",
      "integrity": "sha1-3ij7BbwVxpaisxCzbEcP3WFtbEI="
    },
    "cordova-plugin-network-information": {
      "version": "1.2.1",
      "resolved": "https://registry.npmjs.org/cordova-plugin-network-information/-/cordova-plugin-network-information-1.2.1.tgz",
      "integrity": "sha1-H9e3KvBmJBW5VcV2OPe3dnyEPZg="
    },
    "cordova-plugin-splashscreen": {
      "version": "3.2.2",
      "resolved": "https://registry.npmjs.org/cordova-plugin-splashscreen/-/cordova-plugin-splashscreen-3.2.2.tgz",
      "integrity": "sha1-1WOL+wi9vJqz59owwhdL5kzwJ7A="
    },
    "cordova-plugin-statusbar": {
      "version": "2.1.3",
      "resolved": "https://registry.npmjs.org/cordova-plugin-statusbar/-/cordova-plugin-statusbar-2.1.3.tgz",
      "integrity": "sha1-lwRKjK8U1To0cpb2/LFe9c0+q4g="
    },
    "cordova-plugin-vibration": {
      "version": "2.1.6",
      "resolved": "https://registry.npmjs.org/cordova-plugin-vibration/-/cordova-plugin-vibration-2.1.6.tgz",
      "integrity": "sha1-5XKViSzxXkSwyZ+P60R3Q5XLSj4="
    },
    "cordova-plugin-whitelist": {
      "version": "1.2.2",
      "resolved": "https://registry.npmjs.org/cordova-plugin-whitelist/-/cordova-plugin-whitelist-1.2.2.tgz",
      "integrity": "sha1-CFk/yVeIViCdQ3t2yLBHUp8Z9iM="
    },
    "sax": {
      "version": "1.2.4",
      "resolved": "https://registry.npmjs.org/sax/-/sax-1.2.4.tgz",
      "integrity": "sha512-NqVDv9TpANUjFm0N8uM5GxL36UgKi9/atZw+x7YFnQ8ckwFGKrl4xX4yWtrey3UJm5nP1kUbnYgLopqWNSRhWw=="
    },
    "semver": {
      "version": "5.1.0",
      "resolved": "https://registry.npmjs.org/semver/-/semver-5.1.0.tgz",
      "integrity": "sha1-hfLPhVBGXE3wAM99hvawVBBqueU="
    },
    "xml2js": {
      "version": "0.4.19",
      "resolved": "https://registry.npmjs.org/xml2js/-/xml2js-0.4.19.tgz",
      "integrity": "sha512-esZnJZJOiJR9wWKMyuvSE1y6Dq5LCuJanqhxslH2bxM6duahNZ+HMpCLhBQGZkbX6xRf8x1Y2eJlgt2q3qo49Q==",
      "requires": {
        "sax": "1.2.4",
        "xmlbuilder": "9.0.7"
      }
    },
    "xmlbuilder": {
      "version": "9.0.7",
      "resolved": "https://registry.npmjs.org/xmlbuilder/-/xmlbuilder-9.0.7.tgz",
      "integrity": "sha1-Ey7mPS7FVlxVfiD0wi35rKaGsQ0="
    }
  }
}
